
Microsoft Visual Studio Solution File, Format Version 12.00
# Visual Studio Version 17
VisualStudioVersion = 17.12.35527.113
MinimumVisualStudioVersion = 10.0.40219.1
Project("{FAE04EC0-301F-11D3-BF4B-00C04F79EFBC}") = "NetSdrClientApp", "NetSdrClientApp\NetSdrClientApp.csproj", "{3CA739B1-888F-4B84-8E76-387640E3B3E9}"
EndProject
Project("{FAE04EC0-301F-11D3-BF4B-00C04F79EFBC}") = "NetSdrClientAppTests", "NetSdrClientAppTests\NetSdrClientAppTests.csproj", "{D0155366-89B4-4BA4-90E2-2ECC8C1EB915}"
EndProject
Project("{FAE04EC0-301F-11D3-BF4B-00C04F79EFBC}") = "EchoServer", "EchoTspServer\EchoServer.csproj", "{9179F2F7-EBEE-4A5D-9FD9-F6E3C18DD263}"
EndProject
Project("{FAE04EC0-301F-11D3-BF4B-00C04F79EFBC}") = "EchoServerTests", "EchoServerTests\EchoServerTests.csproj", "{29E57D9F-5157-4F43-A8A1-8937B90E65C8}"
EndProject
Project("{2150E333-8FDC-42A3-9474-1A3956D46DE8}") = "Solution Items", "Solution Items", "{8EC462FD-D22E-90A8-E5CE-7E832BA40C5D}"
	ProjectSection(SolutionItems) = preProject
		Class1.cs = Class1.cs
	EndProjectSection
EndProject
Global
	GlobalSection(SolutionConfigurationPlatforms) = preSolution
		Debug|Any CPU = Debug|Any CPU
		Release|Any CPU = Release|Any CPU
	EndGlobalSection
	GlobalSection(ProjectConfigurationPlatforms) = postSolution
		{3CA739B1-888F-4B84-8E76-387640E3B3E9}.Debug|Any CPU.ActiveCfg = Debug|Any CPU
		{3CA739B1-888F-4B84-8E76-387640E3B3E9}.Debug|Any CPU.Build.0 = Debug|Any CPU
		{3CA739B1-888F-4B84-8E76-387640E3B3E9}.Release|Any CPU.ActiveCfg = Release|Any CPU
		{3CA739B1-888F-4B84-8E76-387640E3B3E9}.Release|Any CPU.Build.0 = Release|Any CPU
		{D0155366-89B4-4BA4-90E2-2ECC8C1EB915}.Debug|Any CPU.ActiveCfg = Debug|Any CPU
		{D0155366-89B4-4BA4-90E2-2ECC8C1EB915}.Debug|Any CPU.Build.0 = Debug|Any CPU
		{D0155366-89B4-4BA4-90E2-2ECC8C1EB915}.Release|Any CPU.ActiveCfg = Release|Any CPU
		{D0155366-89B4-4BA4-90E2-2ECC8C1EB915}.Release|Any CPU.Build.0 = Release|Any CPU
		{9179F2F7-EBEE-4A5D-9FD9-F6E3C18DD263}.Debug|Any CPU.ActiveCfg = Debug|Any CPU
		{9179F2F7-EBEE-4A5D-9FD9-F6E3C18DD263}.Debug|Any CPU.Build.0 = Debug|Any CPU
		{9179F2F7-EBEE-4A5D-9FD9-F6E3C18DD263}.Release|Any CPU.ActiveCfg = Release|Any CPU
		{9179F2F7-EBEE-4A5D-9FD9-F6E3C18DD263}.Release|Any CPU.Build.0 = Release|Any CPU
		{29E57D9F-5157-4F43-A8A1-8937B90E65C8}.Debug|Any CPU.ActiveCfg = Debug|Any CPU
		{29E57D9F-5157-4F43-A8A1-8937B90E65C8}.Debug|Any CPU.Build.0 = Debug|Any CPU
		{29E57D9F-5157-4F43-A8A1-8937B90E65C8}.Release|Any CPU.ActiveCfg = Release|Any CPU
		{29E57D9F-5157-4F43-A8A1-8937B90E65C8}.Release|Any CPU.Build.0 = Release|Any CPU
	EndGlobalSection
	GlobalSection(SolutionProperties) = preSolution
		HideSolutionNode = FALSE
	EndGlobalSection
	GlobalSection(ExtensibilityGlobals) = postSolution
		SolutionGuid = {F202A62B-71FD-4CC6-937E-41B432CA7072}
	EndGlobalSection
EndGlobal
